
Microsoft Visual Studio Solution File, Format Version 12.00
# Visual Studio 15
VisualStudioVersion = 15.0.27130.2027
MinimumVisualStudioVersion = 10.0.40219.1
Project("{FAE04EC0-301F-11D3-BF4B-00C04F79EFBC}") = "Generateur", "Generateur\Generateur.csproj", "{DFA20A08-42B5-49BA-B3F3-02299265C6F8}"
EndProject
Global
	GlobalSection(SolutionConfigurationPlatforms) = preSolution
		Debug|Any CPU = Debug|Any CPU
		Release|Any CPU = Release|Any CPU
	EndGlobalSection
	GlobalSection(ProjectConfigurationPlatforms) = postSolution
		{DFA20A08-42B5-49BA-B3F3-02299265C6F8}.Debug|Any CPU.ActiveCfg = Debug|Any CPU
		{DFA20A08-42B5-49BA-B3F3-02299265C6F8}.Debug|Any CPU.Build.0 = Debug|Any CPU
		{DFA20A08-42B5-49BA-B3F3-02299265C6F8}.Release|Any CPU.ActiveCfg = Release|Any CPU
		{DFA20A08-42B5-49BA-B3F3-02299265C6F8}.Release|Any CPU.Build.0 = Release|Any CPU
	EndGlobalSection
	GlobalSection(SolutionProperties) = preSolution
		HideSolutionNode = FALSE
	EndGlobalSection
	GlobalSection(ExtensibilityGlobals) = postSolution
		SolutionGuid = {65CC114E-C51C-43FF-979D-47E14BD2F4B1}
	EndGlobalSection
EndGlobal
