
Microsoft Visual Studio Solution File, Format Version 12.00
# Visual Studio 15
VisualStudioVersion = 15.0.27130.2027
MinimumVisualStudioVersion = 10.0.40219.1
Project("{FAE04EC0-301F-11D3-BF4B-00C04F79EFBC}") = "Simulateur", "Simulateur\Simulateur.csproj", "{35C752C1-30FD-47C8-A5EB-327DD8698C19}"
EndProject
Global
	GlobalSection(SolutionConfigurationPlatforms) = preSolution
		Debug|Any CPU = Debug|Any CPU
		Release|Any CPU = Release|Any CPU
	EndGlobalSection
	GlobalSection(ProjectConfigurationPlatforms) = postSolution
		{35C752C1-30FD-47C8-A5EB-327DD8698C19}.Debug|Any CPU.ActiveCfg = Debug|Any CPU
		{35C752C1-30FD-47C8-A5EB-327DD8698C19}.Debug|Any CPU.Build.0 = Debug|Any CPU
		{35C752C1-30FD-47C8-A5EB-327DD8698C19}.Release|Any CPU.ActiveCfg = Release|Any CPU
		{35C752C1-30FD-47C8-A5EB-327DD8698C19}.Release|Any CPU.Build.0 = Release|Any CPU
	EndGlobalSection
	GlobalSection(SolutionProperties) = preSolution
		HideSolutionNode = FALSE
	EndGlobalSection
	GlobalSection(ExtensibilityGlobals) = postSolution
		SolutionGuid = {CAD970EA-B4BC-4D60-ADE6-97686ACC1677}
	EndGlobalSection
EndGlobal
